PODS:
  - Flutter (1.0.0)
  - shared (0.0.1):
    - Flutter

DEPENDENCIES:
  - Flutter (from `Flutter`)
  - shared (from `.symlinks/plugins/shared/ios`)

EXTERNAL SOURCES:
  Flutter:
    :path: Flutter
  shared:
    :path: ".symlinks/plugins/shared/ios"

SPEC CHECKSUMS:
  Flutter: f04841e97a9d0b0a8025694d0796dd46242b2854
  shared: 15922bfe37b909fe457f1a208e241953a2e92f59

PODFILE CHECKSUM: 70d9d25280d0dd177a5f637cdb0f0b0b12c6a189

COCOAPODS: 1.11.3
